
Microsoft Visual Studio Solution File, Format Version 12.00
# Visual Studio 15
VisualStudioVersion = 15.0.27703.2035
MinimumVisualStudioVersion = 10.0.40219.1
Project("{FAE04EC0-301F-11D3-BF4B-00C04F79EFBC}") = "AspNetBackgroundWorker", "AspNetBackgroundWorker\AspNetBackgroundWorker.csproj", "{DAB06745-DB96-4C49-B730-CB650563EECA}"
EndProject
Global
	GlobalSection(SolutionConfigurationPlatforms) = preSolution
		Debug|Any CPU = Debug|Any CPU
		Release|Any CPU = Release|Any CPU
	EndGlobalSection
	GlobalSection(ProjectConfigurationPlatforms) = postSolution
		{DAB06745-DB96-4C49-B730-CB650563EECA}.Debug|Any CPU.ActiveCfg = Debug|Any CPU
		{DAB06745-DB96-4C49-B730-CB650563EECA}.Debug|Any CPU.Build.0 = Debug|Any CPU
		{DAB06745-DB96-4C49-B730-CB650563EECA}.Release|Any CPU.ActiveCfg = Release|Any CPU
		{DAB06745-DB96-4C49-B730-CB650563EECA}.Release|Any CPU.Build.0 = Release|Any CPU
	EndGlobalSection
	GlobalSection(SolutionProperties) = preSolution
		HideSolutionNode = FALSE
	EndGlobalSection
	GlobalSection(ExtensibilityGlobals) = postSolution
		SolutionGuid = {19D4E319-D764-433A-9499-128B5953CB04}
	EndGlobalSection
EndGlobal
